{
  "name": "FAT-DameLaPata",
  "lockfileVersion": 3,
  "requires": true,
  "packages": {
    "": {
      "dependencies": {
        "pixmap": "^0.0.2"
      }
    },
    "node_modules/pixmap": {
      "version": "0.0.2",
      "resolved": "https://registry.npmjs.org/pixmap/-/pixmap-0.0.2.tgz",
      "integrity": "sha512-5RG4P3U5290u+u1/pmI4SSBnb7q4mO9r6cf5RUn8oOcq9XCWZ9Ym8YxVGv9A9tQf428Ksncwr/j4e8bk4do9AQ=="
    }
  }
}
